
Microsoft Visual Studio Solution File, Format Version 12.00
# Visual Studio Version 16
VisualStudioVersion = 16.0.31313.79
MinimumVisualStudioVersion = 10.0.40219.1
Project("{9A19103F-16F7-4668-BE54-9A1E7A4F7556}") = "Demo.Blazor.Auth", "Demo.Blazor.Auth\Demo.Blazor.Auth.csproj", "{DAACF287-5385-402D-8A39-FAD8C5A6E621}"
EndProject
Project("{2150E333-8FDC-42A3-9474-1A3956D46DE8}") = "Solution Items", "Solution Items", "{41E2C6B4-049D-4586-8931-A1B56E415CEB}"
	ProjectSection(SolutionItems) = preProject
		Demo.Blazor.Auth.sql = Demo.Blazor.Auth.sql
		README.md = README.md
	EndProjectSection
EndProject
Global
	GlobalSection(SolutionConfigurationPlatforms) = preSolution
		Debug|Any CPU = Debug|Any CPU
		Release|Any CPU = Release|Any CPU
	EndGlobalSection
	GlobalSection(ProjectConfigurationPlatforms) = postSolution
		{DAACF287-5385-402D-8A39-FAD8C5A6E621}.Debug|Any CPU.ActiveCfg = Debug|Any CPU
		{DAACF287-5385-402D-8A39-FAD8C5A6E621}.Debug|Any CPU.Build.0 = Debug|Any CPU
		{DAACF287-5385-402D-8A39-FAD8C5A6E621}.Release|Any CPU.ActiveCfg = Release|Any CPU
		{DAACF287-5385-402D-8A39-FAD8C5A6E621}.Release|Any CPU.Build.0 = Release|Any CPU
	EndGlobalSection
	GlobalSection(SolutionProperties) = preSolution
		HideSolutionNode = FALSE
	EndGlobalSection
	GlobalSection(ExtensibilityGlobals) = postSolution
		SolutionGuid = {5505C219-0445-4AF6-9DE5-B884004BCDA0}
	EndGlobalSection
EndGlobal
